{
  "name": "typescript-react-usecontext-example",
  "version": "1.0.0",
  "lockfileVersion": 1,
  "requires": true,
  "dependencies": {
    "@types/hoist-non-react-statics": {
      "version": "3.3.1",
      "resolved": "https://registry.npm.taobao.org/@types/hoist-non-react-statics/download/@types/hoist-non-react-statics-3.3.1.tgz",
      "integrity": "sha1-ESSq/lEYy1kZd66xzqrtEHDrA58=",
      "requires": {
        "@types/react": "*",
        "hoist-non-react-statics": "^3.3.0"
      },
      "dependencies": {
        "@types/react": {
          "version": "17.0.0",
          "resolved": "https://registry.npm.taobao.org/@types/react/download/@types/react-17.0.0.tgz",
          "integrity": "sha1-WvPrf60oBwkvAEahMCt4I+J5Gbg=",
          "requires": {
            "@types/prop-types": "*",
            "csstype": "^3.0.2"
          }
        }
      }
    },
    "@types/prop-types": {
      "version": "15.7.3",
      "resolved": "https://registry.npm.taobao.org/@types/prop-types/download/@types/prop-types-15.7.3.tgz?cache=0&sync_timestamp=1605055388480&other_urls=https%3A%2F%2Fregistry.npm.taobao.org%2F%40types%2Fprop-types%2Fdownload%2F%40types%2Fprop-types-15.7.3.tgz",
      "integrity": "sha1-KrDV2i5YFflLC51LldHl8kOrLKc="
    },
    "@types/react-native": {
      "version": "0.63.37",
      "resolved": "https://registry.npm.taobao.org/@types/react-native/download/@types/react-native-0.63.37.tgz",
      "integrity": "sha1-xD35DJ08wIKpekmlPpid4my4q0U=",
      "requires": {
        "@types/react": "*"
      },
      "dependencies": {
        "@types/react": {
          "version": "17.0.0",
          "resolved": "https://registry.npm.taobao.org/@types/react/download/@types/react-17.0.0.tgz",
          "integrity": "sha1-WvPrf60oBwkvAEahMCt4I+J5Gbg=",
          "requires": {
            "@types/prop-types": "*",
            "csstype": "^3.0.2"
          }
        }
      }
    },
    "@types/styled-components": {
      "version": "5.1.4",
      "resolved": "https://registry.npm.taobao.org/@types/styled-components/download/@types/styled-components-5.1.4.tgz",
      "integrity": "sha1-EfFn294mhjXGatyJtaXbLmnXU4Q=",
      "requires": {
        "@types/hoist-non-react-statics": "*",
        "@types/react": "*",
        "@types/react-native": "*",
        "csstype": "^3.0.2"
      },
      "dependencies": {
        "@types/react": {
          "version": "17.0.0",
          "resolved": "https://registry.npm.taobao.org/@types/react/download/@types/react-17.0.0.tgz",
          "integrity": "sha1-WvPrf60oBwkvAEahMCt4I+J5Gbg=",
          "requires": {
            "@types/prop-types": "*",
            "csstype": "^3.0.2"
          }
        }
      }
    },
    "csstype": {
      "version": "3.0.5",
      "resolved": "https://registry.npm.taobao.org/csstype/download/csstype-3.0.5.tgz",
      "integrity": "sha1-f97GoopnrhhkfFFmip/5W7L6e7g="
    },
    "hoist-non-react-statics": {
      "version": "3.3.2",
      "resolved": "https://registry.npm.taobao.org/hoist-non-react-statics/download/hoist-non-react-statics-3.3.2.tgz?cache=0&sync_timestamp=1579737660183&other_urls=https%3A%2F%2Fregistry.npm.taobao.org%2Fhoist-non-react-statics%2Fdownload%2Fhoist-non-react-statics-3.3.2.tgz",
      "integrity": "sha1-7OCsr3HWLClpwuxZ/v9CpLGoW0U=",
      "requires": {
        "react-is": "^16.7.0"
      }
    },
    "react-is": {
      "version": "16.13.1",
      "resolved": "https://registry.npm.taobao.org/react-is/download/react-is-16.13.1.tgz?cache=0&sync_timestamp=1603367576715&other_urls=https%3A%2F%2Fregistry.npm.taobao.org%2Freact-is%2Fdownload%2Freact-is-16.13.1.tgz",
      "integrity": "sha1-eJcppNw23imZ3BVt1sHZwYzqVqQ="
    }
  }
}
